{
  "requires": true,
  "lockfileVersion": 1,
  "dependencies": {
    "http-status-codes": {
      "version": "1.3.1",
      "resolved": "https://registry.npmjs.org/http-status-codes/-/http-status-codes-1.3.1.tgz",
      "integrity": "sha512-j7EfK9geezX8jYI/GCe4N/8y14K67+TB/bseZrYjbGdt5E/j5tx5wY8s450EDdfQFlHKfF1tgfXVIzqyJXfM6w=="
    }
  }
}
